{
  "name": "ZHMusic",
  "lockfileVersion": 2,
  "requires": true,
  "packages": {
    "": {
      "dependencies": {
        "@vant/weapp": "^1.10.18",
        "hy-event-store": "^1.3.1",
        "lodash": "^4.17.21"
      }
    },
    "node_modules/@vant/weapp": {
      "version": "1.10.18",
      "resolved": "https://registry.npmjs.org/@vant/weapp/-/weapp-1.10.18.tgz",
      "integrity": "sha512-BEmBGVKTBfP7Re41k27Tm6lKjdWmEN0APxLWMeiYtXn7koVxrzSAdwZgZguUD7vm1lMsMhAgAIq0IMoMm/ubkQ=="
    },
    "node_modules/hy-event-store": {
      "version": "1.3.1",
      "resolved": "https://registry.npmjs.org/hy-event-store/-/hy-event-store-1.3.1.tgz",
      "integrity": "sha512-uD+14mz4ONiAs9cX/csjUJ2pHTPFciE3JvIbZ+lsbaXopZWbnETEjwJ0a4l5GqNGcltcW3gJjlnUXCJPBoABfg=="
    },
    "node_modules/lodash": {
      "version": "4.17.21",
      "resolved": "https://registry.npmjs.org/lodash/-/lodash-4.17.21.tgz",
      "integrity": "sha512-v2kDEe57lecTulaDIuNTPy3Ry4gLGJ6Z1O3vE1krgXZNrsQ+LFTGHVxVjcXPs17LhbZVGedAJv8XZ1tvj5FvSg=="
    }
  },
  "dependencies": {
    "@vant/weapp": {
      "version": "1.10.18",
      "resolved": "https://registry.npmjs.org/@vant/weapp/-/weapp-1.10.18.tgz",
      "integrity": "sha512-BEmBGVKTBfP7Re41k27Tm6lKjdWmEN0APxLWMeiYtXn7koVxrzSAdwZgZguUD7vm1lMsMhAgAIq0IMoMm/ubkQ=="
    },
    "hy-event-store": {
      "version": "1.3.1",
      "resolved": "https://registry.npmjs.org/hy-event-store/-/hy-event-store-1.3.1.tgz",
      "integrity": "sha512-uD+14mz4ONiAs9cX/csjUJ2pHTPFciE3JvIbZ+lsbaXopZWbnETEjwJ0a4l5GqNGcltcW3gJjlnUXCJPBoABfg=="
    },
    "lodash": {
      "version": "4.17.21",
      "resolved": "https://registry.npmjs.org/lodash/-/lodash-4.17.21.tgz",
      "integrity": "sha512-v2kDEe57lecTulaDIuNTPy3Ry4gLGJ6Z1O3vE1krgXZNrsQ+LFTGHVxVjcXPs17LhbZVGedAJv8XZ1tvj5FvSg=="
    }
  }
}
